
Microsoft Visual Studio Solution File, Format Version 12.00
# Visual Studio Version 16
VisualStudioVersion = 16.0.30803.129
MinimumVisualStudioVersion = 10.0.40219.1
Project("{9A19103F-16F7-4668-BE54-9A1E7A4F7556}") = "SoulCore.Datas.Bin.Table", "SoulCore.Datas.Table\SoulCore.Datas.Bin.Table.csproj", "{70657DF0-B26A-4A9D-8E6E-CFED8B0F73BE}"
EndProject
Project("{9A19103F-16F7-4668-BE54-9A1E7A4F7556}") = "SoulCore.Extensions", "SoulCore.Extensions\SoulCore.Extensions.csproj", "{E7C9831B-203A-4B83-9A52-7768E3397501}"
EndProject
Project("{9A19103F-16F7-4668-BE54-9A1E7A4F7556}") = "SoulCore", "SoulCore\SoulCore.csproj", "{EA03F8D8-1155-4015-A108-74A425D50689}"
EndProject
Project("{9A19103F-16F7-4668-BE54-9A1E7A4F7556}") = "SoulCore.IO.Network", "SoulCore.IO.Network\SoulCore.IO.Network.csproj", "{F7F572B2-D439-4914-961C-1779C238FB8B}"
EndProject
Project("{9A19103F-16F7-4668-BE54-9A1E7A4F7556}") = "SoulCore.Utils", "SoulCore.Utils\SoulCore.Utils.csproj", "{9063041E-DC5F-482B-81E4-9D8C6EE0B5E3}"
EndProject
Project("{2150E333-8FDC-42A3-9474-1A3956D46DE8}") = "Tests", "Tests", "{9AB08B13-C2B5-4CC2-94B5-59038A761F60}"
EndProject
Project("{9A19103F-16F7-4668-BE54-9A1E7A4F7556}") = "SoulCore.IO.Network.Test", "SoulCore.IO.Network.Test\SoulCore.IO.Network.Test.csproj", "{4FD16270-3938-442D-9E90-3A9C229B2FBB}"
EndProject
Project("{2150E333-8FDC-42A3-9474-1A3956D46DE8}") = "Tools", "Tools", "{078CFE03-5B3E-490C-A086-FDBFA10E6061}"
EndProject
Project("{9A19103F-16F7-4668-BE54-9A1E7A4F7556}") = "SoulCore.Tools.Wireshark.DumpPacket", "SoulCore.Tools.Wireshark.DumpPacket\SoulCore.Tools.Wireshark.DumpPacket.csproj", "{A010AA36-7864-4F0F-AE6E-EA6AFE7DA9D2}"
EndProject
Project("{9A19103F-16F7-4668-BE54-9A1E7A4F7556}") = "SoulCore.Tools.Wireshark.Reader", "SoulCore.Tools.Wireshark.Reader\SoulCore.Tools.Wireshark.Reader.csproj", "{8A8D1144-17E7-42BE-A305-BD1CC49180B4}"
EndProject
Project("{9A19103F-16F7-4668-BE54-9A1E7A4F7556}") = "SoulCore.Tools.Wireshark.JsonDumpDecode", "SoulCore.Tools.Wireshark.JsonDumpDecode\SoulCore.Tools.Wireshark.JsonDumpDecode.csproj", "{DA3ED637-C0DF-4B87-A259-EF494AA1CC47}"
EndProject
Project("{FAE04EC0-301F-11D3-BF4B-00C04F79EFBC}") = "SoulCore.Tools.Game.ExtractPasswords", "SoulCore.Tools.Game.ExtractPasswords\SoulCore.Tools.Game.ExtractPasswords.csproj", "{78969703-D12F-4BF6-918E-DEE996A5B3AE}"
EndProject
Global
	GlobalSection(SolutionConfigurationPlatforms) = preSolution
		Debug|Any CPU = Debug|Any CPU
		Release|Any CPU = Release|Any CPU
	EndGlobalSection
	GlobalSection(ProjectConfigurationPlatforms) = postSolution
		{70657DF0-B26A-4A9D-8E6E-CFED8B0F73BE}.Debug|Any CPU.ActiveCfg = Debug|Any CPU
		{70657DF0-B26A-4A9D-8E6E-CFED8B0F73BE}.Debug|Any CPU.Build.0 = Debug|Any CPU
		{70657DF0-B26A-4A9D-8E6E-CFED8B0F73BE}.Release|Any CPU.ActiveCfg = Release|Any CPU
		{70657DF0-B26A-4A9D-8E6E-CFED8B0F73BE}.Release|Any CPU.Build.0 = Release|Any CPU
		{E7C9831B-203A-4B83-9A52-7768E3397501}.Debug|Any CPU.ActiveCfg = Debug|Any CPU
		{E7C9831B-203A-4B83-9A52-7768E3397501}.Debug|Any CPU.Build.0 = Debug|Any CPU
		{E7C9831B-203A-4B83-9A52-7768E3397501}.Release|Any CPU.ActiveCfg = Release|Any CPU
		{E7C9831B-203A-4B83-9A52-7768E3397501}.Release|Any CPU.Build.0 = Release|Any CPU
		{EA03F8D8-1155-4015-A108-74A425D50689}.Debug|Any CPU.ActiveCfg = Debug|Any CPU
		{EA03F8D8-1155-4015-A108-74A425D50689}.Debug|Any CPU.Build.0 = Debug|Any CPU
		{EA03F8D8-1155-4015-A108-74A425D50689}.Release|Any CPU.ActiveCfg = Release|Any CPU
		{EA03F8D8-1155-4015-A108-74A425D50689}.Release|Any CPU.Build.0 = Release|Any CPU
		{F7F572B2-D439-4914-961C-1779C238FB8B}.Debug|Any CPU.ActiveCfg = Debug|Any CPU
		{F7F572B2-D439-4914-961C-1779C238FB8B}.Debug|Any CPU.Build.0 = Debug|Any CPU
		{F7F572B2-D439-4914-961C-1779C238FB8B}.Release|Any CPU.ActiveCfg = Release|Any CPU
		{F7F572B2-D439-4914-961C-1779C238FB8B}.Release|Any CPU.Build.0 = Release|Any CPU
		{9063041E-DC5F-482B-81E4-9D8C6EE0B5E3}.Debug|Any CPU.ActiveCfg = Debug|Any CPU
		{9063041E-DC5F-482B-81E4-9D8C6EE0B5E3}.Debug|Any CPU.Build.0 = Debug|Any CPU
		{9063041E-DC5F-482B-81E4-9D8C6EE0B5E3}.Release|Any CPU.ActiveCfg = Release|Any CPU
		{9063041E-DC5F-482B-81E4-9D8C6EE0B5E3}.Release|Any CPU.Build.0 = Release|Any CPU
		{4FD16270-3938-442D-9E90-3A9C229B2FBB}.Debug|Any CPU.ActiveCfg = Debug|Any CPU
		{4FD16270-3938-442D-9E90-3A9C229B2FBB}.Debug|Any CPU.Build.0 = Debug|Any CPU
		{4FD16270-3938-442D-9E90-3A9C229B2FBB}.Release|Any CPU.ActiveCfg = Release|Any CPU
		{4FD16270-3938-442D-9E90-3A9C229B2FBB}.Release|Any CPU.Build.0 = Release|Any CPU
		{A010AA36-7864-4F0F-AE6E-EA6AFE7DA9D2}.Debug|Any CPU.ActiveCfg = Debug|Any CPU
		{A010AA36-7864-4F0F-AE6E-EA6AFE7DA9D2}.Debug|Any CPU.Build.0 = Debug|Any CPU
		{A010AA36-7864-4F0F-AE6E-EA6AFE7DA9D2}.Release|Any CPU.ActiveCfg = Release|Any CPU
		{A010AA36-7864-4F0F-AE6E-EA6AFE7DA9D2}.Release|Any CPU.Build.0 = Release|Any CPU
		{8A8D1144-17E7-42BE-A305-BD1CC49180B4}.Debug|Any CPU.ActiveCfg = Debug|Any CPU
		{8A8D1144-17E7-42BE-A305-BD1CC49180B4}.Debug|Any CPU.Build.0 = Debug|Any CPU
		{8A8D1144-17E7-42BE-A305-BD1CC49180B4}.Release|Any CPU.ActiveCfg = Release|Any CPU
		{8A8D1144-17E7-42BE-A305-BD1CC49180B4}.Release|Any CPU.Build.0 = Release|Any CPU
		{DA3ED637-C0DF-4B87-A259-EF494AA1CC47}.Debug|Any CPU.ActiveCfg = Debug|Any CPU
		{DA3ED637-C0DF-4B87-A259-EF494AA1CC47}.Debug|Any CPU.Build.0 = Debug|Any CPU
		{DA3ED637-C0DF-4B87-A259-EF494AA1CC47}.Release|Any CPU.ActiveCfg = Release|Any CPU
		{DA3ED637-C0DF-4B87-A259-EF494AA1CC47}.Release|Any CPU.Build.0 = Release|Any CPU
		{78969703-D12F-4BF6-918E-DEE996A5B3AE}.Debug|Any CPU.ActiveCfg = Debug|Any CPU
		{78969703-D12F-4BF6-918E-DEE996A5B3AE}.Debug|Any CPU.Build.0 = Debug|Any CPU
		{78969703-D12F-4BF6-918E-DEE996A5B3AE}.Release|Any CPU.ActiveCfg = Release|Any CPU
		{78969703-D12F-4BF6-918E-DEE996A5B3AE}.Release|Any CPU.Build.0 = Release|Any CPU
	EndGlobalSection
	GlobalSection(SolutionProperties) = preSolution
		HideSolutionNode = FALSE
	EndGlobalSection
	GlobalSection(NestedProjects) = preSolution
		{4FD16270-3938-442D-9E90-3A9C229B2FBB} = {9AB08B13-C2B5-4CC2-94B5-59038A761F60}
		{A010AA36-7864-4F0F-AE6E-EA6AFE7DA9D2} = {078CFE03-5B3E-490C-A086-FDBFA10E6061}
		{8A8D1144-17E7-42BE-A305-BD1CC49180B4} = {078CFE03-5B3E-490C-A086-FDBFA10E6061}
		{DA3ED637-C0DF-4B87-A259-EF494AA1CC47} = {078CFE03-5B3E-490C-A086-FDBFA10E6061}
		{78969703-D12F-4BF6-918E-DEE996A5B3AE} = {078CFE03-5B3E-490C-A086-FDBFA10E6061}
	EndGlobalSection
	GlobalSection(ExtensibilityGlobals) = postSolution
		SolutionGuid = {4F8C13B2-A1E3-48D9-99D8-7EB45F359142}
	EndGlobalSection
EndGlobal
